// !$*UTF8*$!
{
	archiveVersion = 1;
	classes = {
	};
	objectVersion = 48;
	objects = {

/* Begin PBXBuildFile section */
		7014E2E91F5763D0004DECB8 /* AppDelegate.swift in Sources */ = {isa = PBXBuildFile; fileRef = 7014E2E81F5763D0004DECB8 /* AppDelegate.swift */; };
		7014E2EB1F5763D0004DECB8 /* art.scnassets in Resources */ = {isa = PBXBuildFile; fileRef = 7014E2EA1F5763D0004DECB8 /* art.scnassets */; };
		7014E2ED1F5763D0004DECB8 /* ViewController.swift in Sources */ = {isa = PBXBuildFile; fileRef = 7014E2EC1F5763D0004DECB8 /* ViewController.swift */; };
		7014E2F01F5763D0004DECB8 /* Main.storyboard in Resources */ = {isa = PBXBuildFile; fileRef = 7014E2EE1F5763D0004DECB8 /* Main.storyboard */; };
		7014E2F21F5763D0004DECB8 /* Assets.xcassets in Resources */ = {isa = PBXBuildFile; fileRef = 7014E2F11F5763D0004DECB8 /* Assets.xcassets */; };
		7014E2F51F5763D0004DECB8 /* LaunchScreen.storyboard in Resources */ = {isa = PBXBuildFile; fileRef = 7014E2F31F5763D0004DECB8 /* LaunchScreen.storyboard */; };
		7014E2FE1F57644C004DECB8 /* BrushFactory.swift in Sources */ = {isa = PBXBuildFile; fileRef = 7014E2FD1F57644C004DECB8 /* BrushFactory.swift */; };
		7014E30A1F5765D0004DECB8 /* Extension.swift in Sources */ = {isa = PBXBuildFile; fileRef = 7014E3091F5765D0004DECB8 /* Extension.swift */; };
		7014E30B1F576660004DECB8 /* BouncyOption.swift in Sources */ = {isa = PBXBuildFile; fileRef = 7014E3041F576573004DECB8 /* BouncyOption.swift */; };
		7014E30C1F576660004DECB8 /* HUD.swift in Sources */ = {isa = PBXBuildFile; fileRef = 7014E3021F576573004DECB8 /* HUD.swift */; };
		7014E30D1F576660004DECB8 /* HUDOption.swift in Sources */ = {isa = PBXBuildFile; fileRef = 7014E3031F576573004DECB8 /* HUDOption.swift */; };
		7014E30E1F576665004DECB8 /* TrackingNode.swift in Sources */ = {isa = PBXBuildFile; fileRef = 7014E3051F576586004DECB8 /* TrackingNode.swift */; };
		7014E30F1F576665004DECB8 /* Wall.swift in Sources */ = {isa = PBXBuildFile; fileRef = 7014E3061F576586004DECB8 /* Wall.swift */; };
		7014E3101F576668004DECB8 /* AppState.swift in Sources */ = {isa = PBXBuildFile; fileRef = 7014E3081F5765A9004DECB8 /* AppState.swift */; };
		7014E3111F576668004DECB8 /* WallTrackState.swift in Sources */ = {isa = PBXBuildFile; fileRef = 7014E3071F5765A9004DECB8 /* WallTrackState.swift */; };
		7014E3131F576800004DECB8 /* NodeCategory.swift in Sources */ = {isa = PBXBuildFile; fileRef = 7014E3121F576800004DECB8 /* NodeCategory.swift */; };
		7058E4C11F5D71DA00620759 /* README.md in Resources */ = {isa = PBXBuildFile; fileRef = 7058E4C01F5D71D900620759 /* README.md */; };
		7059A57A1F58AAA300FE25E7 /* Can.swift in Sources */ = {isa = PBXBuildFile; fileRef = 7059A5791F58AAA300FE25E7 /* Can.swift */; };
		7059A57C1F58B02200FE25E7 /* CansPanState.swift in Sources */ = {isa = PBXBuildFile; fileRef = 7059A57B1F58B02200FE25E7 /* CansPanState.swift */; };
		70E13C741F5A9BA400A34388 /* ColorPickMode.swift in Sources */ = {isa = PBXBuildFile; fileRef = 70E13C731F5A9BA400A34388 /* ColorPickMode.swift */; };
/* End PBXBuildFile section */

/* Begin PBXFileReference section */
		7014E2E51F5763D0004DECB8 /* AR-Graffiti.app */ = {isa = PBXFileReference; explicitFileType = wrapper.application; includeInIndex = 0; path = "AR-Graffiti.app"; sourceTree = BUILT_PRODUCTS_DIR; };
		7014E2E81F5763D0004DECB8 /* AppDelegate.swift */ = {isa = PBXFileReference; lastKnownFileType = sourcecode.swift; path = AppDelegate.swift; sourceTree = "<group>"; };
		7014E2EA1F5763D0004DECB8 /* art.scnassets */ = {isa = PBXFileReference; lastKnownFileType = wrapper.scnassets; path = art.scnassets; sourceTree = "<group>"; };
		7014E2EC1F5763D0004DECB8 /* ViewController.swift */ = {isa = PBXFileReference; lastKnownFileType = sourcecode.swift; path = ViewController.swift; sourceTree = "<group>"; };
		7014E2EF1F5763D0004DECB8 /* Base */ = {isa = PBXFileReference; lastKnownFileType = file.storyboard; name = Base; path = Base.lproj/Main.storyboard; sourceTree = "<group>"; };
		7014E2F11F5763D0004DECB8 /* Assets.xcassets */ = {isa = PBXFileReference; lastKnownFileType = folder.assetcatalog; path = Assets.xcassets; sourceTree = "<group>"; };
		7014E2F41F5763D0004DECB8 /* Base */ = {isa = PBXFileReference; lastKnownFileType = file.storyboard; name = Base; path = Base.lproj/LaunchScreen.storyboard; sourceTree = "<group>"; };
		7014E2F61F5763D0004DECB8 /* Info.plist */ = {isa = PBXFileReference; lastKnownFileType = text.plist.xml; path = Info.plist; sourceTree = "<group>"; };
		7014E2FD1F57644C004DECB8 /* BrushFactory.swift */ = {isa = PBXFileReference; lastKnownFileType = sourcecode.swift; path = BrushFactory.swift; sourceTree = "<group>"; };
		7014E3021F576573004DECB8 /* HUD.swift */ = {isa = PBXFileReference; lastKnownFileType = sourcecode.swift; path = HUD.swift; sourceTree = "<group>"; };
		7014E3031F576573004DECB8 /* HUDOption.swift */ = {isa = PBXFileReference; lastKnownFileType = sourcecode.swift; path = HUDOption.swift; sourceTree = "<group>"; };
		7014E3041F576573004DECB8 /* BouncyOption.swift */ = {isa = PBXFileReference; lastKnownFileType = sourcecode.swift; path = BouncyOption.swift; sourceTree = "<group>"; };
		7014E3051F576586004DECB8 /* TrackingNode.swift */ = {isa = PBXFileReference; lastKnownFileType = sourcecode.swift; path = TrackingNode.swift; sourceTree = "<group>"; };
		7014E3061F576586004DECB8 /* Wall.swift */ = {isa = PBXFileReference; lastKnownFileType = sourcecode.swift; path = Wall.swift; sourceTree = "<group>"; };
		7014E3071F5765A9004DECB8 /* WallTrackState.swift */ = {isa = PBXFileReference; lastKnownFileType = sourcecode.swift; path = WallTrackState.swift; sourceTree = "<group>"; };
		7014E3081F5765A9004DECB8 /* AppState.swift */ = {isa = PBXFileReference; lastKnownFileType = sourcecode.swift; path = AppState.swift; sourceTree = "<group>"; };
		7014E3091F5765D0004DECB8 /* Extension.swift */ = {isa = PBXFileReference; lastKnownFileType = sourcecode.swift; path = Extension.swift; sourceTree = "<group>"; };
		7014E3121F576800004DECB8 /* NodeCategory.swift */ = {isa = PBXFileReference; lastKnownFileType = sourcecode.swift; path = NodeCategory.swift; sourceTree = "<group>"; };
		7058E4C01F5D71D900620759 /* README.md */ = {isa = PBXFileReference; fileEncoding = 4; lastKnownFileType = net.daringfireball.markdown; path = README.md; sourceTree = "<group>"; };
		7059A5791F58AAA300FE25E7 /* Can.swift */ = {isa = PBXFileReference; lastKnownFileType = sourcecode.swift; path = Can.swift; sourceTree = "<group>"; };
		7059A57B1F58B02200FE25E7 /* CansPanState.swift */ = {isa = PBXFileReference; lastKnownFileType = sourcecode.swift; path = CansPanState.swift; sourceTree = "<group>"; };
		70E13C731F5A9BA400A34388 /* ColorPickMode.swift */ = {isa = PBXFileReference; lastKnownFileType = sourcecode.swift; path = ColorPickMode.swift; sourceTree = "<group>"; };
/* End PBXFileReference section */

/* Begin PBXFrameworksBuildPhase section */
		7014E2E21F5763D0004DECB8 /* Frameworks */ = {
			isa = PBXFrameworksBuildPhase;
			buildActionMask = 2147483647;
			files = (
			);
			runOnlyForDeploymentPostprocessing = 0;
		};
/* End PBXFrameworksBuildPhase section */

/* Begin PBXGroup section */
		7014E2DC1F5763CF004DECB8 = {
			isa = PBXGroup;
			children = (
				7058E4C01F5D71D900620759 /* README.md */,
				7014E2E71F5763D0004DECB8 /* AR-Graffiti */,
				7014E2E61F5763D0004DECB8 /* Products */,
			);
			sourceTree = "<group>";
		};
		7014E2E61F5763D0004DECB8 /* Products */ = {
			isa = PBXGroup;
			children = (
				7014E2E51F5763D0004DECB8 /* AR-Graffiti.app */,
			);
			name = Products;
			sourceTree = "<group>";
		};
		7014E2E71F5763D0004DECB8 /* AR-Graffiti */ = {
			isa = PBXGroup;
			children = (
				7014E3091F5765D0004DECB8 /* Extension.swift */,
				7014E3011F576568004DECB8 /* HUD */,
				7014E3001F576560004DECB8 /* 3D */,
				7014E2FF1F57655B004DECB8 /* Model */,
				7014E2FC1F576440004DECB8 /* Decal */,
				7014E2E81F5763D0004DECB8 /* AppDelegate.swift */,
				7014E2EA1F5763D0004DECB8 /* art.scnassets */,
				7014E2EC1F5763D0004DECB8 /* ViewController.swift */,
				7014E2EE1F5763D0004DECB8 /* Main.storyboard */,
				7014E2F11F5763D0004DECB8 /* Assets.xcassets */,
				7014E2F31F5763D0004DECB8 /* LaunchScreen.storyboard */,
				7014E2F61F5763D0004DECB8 /* Info.plist */,
			);
			path = "AR-Graffiti";
			sourceTree = "<group>";
		};
		7014E2FC1F576440004DECB8 /* Decal */ = {
			isa = PBXGroup;
			children = (
				7014E2FD1F57644C004DECB8 /* BrushFactory.swift */,
				7059A5791F58AAA300FE25E7 /* Can.swift */,
				7059A57B1F58B02200FE25E7 /* CansPanState.swift */,
				70E13C731F5A9BA400A34388 /* ColorPickMode.swift */,
			);
			path = Decal;
			sourceTree = "<group>";
		};
		7014E2FF1F57655B004DECB8 /* Model */ = {
			isa = PBXGroup;
			children = (
				7014E3081F5765A9004DECB8 /* AppState.swift */,
				7014E3071F5765A9004DECB8 /* WallTrackState.swift */,
			);
			path = Model;
			sourceTree = "<group>";
		};
		7014E3001F576560004DECB8 /* 3D */ = {
			isa = PBXGroup;
			children = (
				7014E3051F576586004DECB8 /* TrackingNode.swift */,
				7014E3061F576586004DECB8 /* Wall.swift */,
				7014E3121F576800004DECB8 /* NodeCategory.swift */,
			);
			path = 3D;
			sourceTree = "<group>";
		};
		7014E3011F576568004DECB8 /* HUD */ = {
			isa = PBXGroup;
			children = (
				7014E3041F576573004DECB8 /* BouncyOption.swift */,
				7014E3021F576573004DECB8 /* HUD.swift */,
				7014E3031F576573004DECB8 /* HUDOption.swift */,
			);
			path = HUD;
			sourceTree = "<group>";
		};
/* End PBXGroup section */

/* Begin PBXNativeTarget section */
		7014E2E41F5763D0004DECB8 /* AR-Graffiti */ = {
			isa = PBXNativeTarget;
			buildConfigurationList = 7014E2F91F5763D0004DECB8 /* Build configuration list for PBXNativeTarget "AR-Graffiti" */;
			buildPhases = (
				7014E2E11F5763D0004DECB8 /* Sources */,
				7014E2E21F5763D0004DECB8 /* Frameworks */,
				7014E2E31F5763D0004DECB8 /* Resources */,
			);
			buildRules = (
			);
			dependencies = (
			);
			name = "AR-Graffiti";
			productName = "AR-Graffiti";
			productReference = 7014E2E51F5763D0004DECB8 /* AR-Graffiti.app */;
			productType = "com.apple.product-type.application";
		};
/* End PBXNativeTarget section */

/* Begin PBXProject section */
		7014E2DD1F5763CF004DECB8 /* Project object */ = {
			isa = PBXProject;
			attributes = {
				LastSwiftUpdateCheck = 0900;
				LastUpgradeCheck = 0900;
				ORGANIZATIONNAME = "Silicon.dk ApS";
				TargetAttributes = {
					7014E2E41F5763D0004DECB8 = {
						CreatedOnToolsVersion = 9.0;
						ProvisioningStyle = Automatic;
					};
				};
			};
			buildConfigurationList = 7014E2E01F5763CF004DECB8 /* Build configuration list for PBXProject "AR-Graffiti" */;
			compatibilityVersion = "Xcode 8.0";
			developmentRegion = en;
			hasScannedForEncodings = 0;
			knownRegions = (
				en,
				Base,
			);
			mainGroup = 7014E2DC1F5763CF004DECB8;
			productRefGroup = 7014E2E61F5763D0004DECB8 /* Products */;
			projectDirPath = "";
			projectRoot = "";
			targets = (
				7014E2E41F5763D0004DECB8 /* AR-Graffiti */,
			);
		};
/* End PBXProject section */

/* Begin PBXResourcesBuildPhase section */
		7014E2E31F5763D0004DECB8 /* Resources */ = {
			isa = PBXResourcesBuildPhase;
			buildActionMask = 2147483647;
			files = (
				7014E2EB1F5763D0004DECB8 /* art.scnassets in Resources */,
				7014E2F51F5763D0004DECB8 /* LaunchScreen.storyboard in Resources */,
				7058E4C11F5D71DA00620759 /* README.md in Resources */,
				7014E2F21F5763D0004DECB8 /* Assets.xcassets in Resources */,
				7014E2F01F5763D0004DECB8 /* Main.storyboard in Resources */,
			);
			runOnlyForDeploymentPostprocessing = 0;
		};
/* End PBXResourcesBuildPhase section */

/* Begin PBXSourcesBuildPhase section */
		7014E2E11F5763D0004DECB8 /* Sources */ = {
			isa = PBXSourcesBuildPhase;
			buildActionMask = 2147483647;
			files = (
				7059A57A1F58AAA300FE25E7 /* Can.swift in Sources */,
				7014E2FE1F57644C004DECB8 /* BrushFactory.swift in Sources */,
				70E13C741F5A9BA400A34388 /* ColorPickMode.swift in Sources */,
				7014E3101F576668004DECB8 /* AppState.swift in Sources */,
				7014E30F1F576665004DECB8 /* Wall.swift in Sources */,
				7014E2ED1F5763D0004DECB8 /* ViewController.swift in Sources */,
				7014E3111F576668004DECB8 /* WallTrackState.swift in Sources */,
				7059A57C1F58B02200FE25E7 /* CansPanState.swift in Sources */,
				7014E3131F576800004DECB8 /* NodeCategory.swift in Sources */,
				7014E2E91F5763D0004DECB8 /* AppDelegate.swift in Sources */,
				7014E30C1F576660004DECB8 /* HUD.swift in Sources */,
				7014E30A1F5765D0004DECB8 /* Extension.swift in Sources */,
				7014E30B1F576660004DECB8 /* BouncyOption.swift in Sources */,
				7014E30E1F576665004DECB8 /* TrackingNode.swift in Sources */,
				7014E30D1F576660004DECB8 /* HUDOption.swift in Sources */,
			);
			runOnlyForDeploymentPostprocessing = 0;
		};
/* End PBXSourcesBuildPhase section */

/* Begin PBXVariantGroup section */
		7014E2EE1F5763D0004DECB8 /* Main.storyboard */ = {
			isa = PBXVariantGroup;
			children = (
				7014E2EF1F5763D0004DECB8 /* Base */,
			);
			name = Main.storyboard;
			sourceTree = "<group>";
		};
		7014E2F31F5763D0004DECB8 /* LaunchScreen.storyboard */ = {
			isa = PBXVariantGroup;
			children = (
				7014E2F41F5763D0004DECB8 /* Base */,
			);
			name = LaunchScreen.storyboard;
			sourceTree = "<group>";
		};
/* End PBXVariantGroup section */

/* Begin XCBuildConfiguration section */
		7014E2F71F5763D0004DECB8 /* Debug */ = {
			isa = XCBuildConfiguration;
			buildSettings = {
				ALWAYS_SEARCH_USER_PATHS = NO;
				CLANG_ANALYZER_NONNULL = YES;
				CLANG_ANALYZER_NUMBER_OBJECT_CONVERSION = YES_AGGRESSIVE;
				CLANG_CXX_LANGUAGE_STANDARD = "gnu++14";
				CLANG_CXX_LIBRARY = "libc++";
				CLANG_ENABLE_MODULES = YES;
				CLANG_ENABLE_OBJC_ARC = YES;
				CLANG_WARN_BLOCK_CAPTURE_AUTORELEASING = YES;
				CLANG_WARN_BOOL_CONVERSION = YES;
				CLANG_WARN_COMMA = YES;
				CLANG_WARN_CONSTANT_CONVERSION = YES;
				CLANG_WARN_DIRECT_OBJC_ISA_USAGE = YES_ERROR;
				CLANG_WARN_DOCUMENTATION_COMMENTS = YES;
				CLANG_WARN_EMPTY_BODY = YES;
				CLANG_WARN_ENUM_CONVERSION = YES;
				CLANG_WARN_INFINITE_RECURSION = YES;
				CLANG_WARN_INT_CONVERSION = YES;
				CLANG_WARN_NON_LITERAL_NULL_CONVERSION = YES;
				CLANG_WARN_OBJC_LITERAL_CONVERSION = YES;
				CLANG_WARN_OBJC_ROOT_CLASS = YES_ERROR;
				CLANG_WARN_RANGE_LOOP_ANALYSIS = YES;
				CLANG_WARN_STRICT_PROTOTYPES = YES;
				CLANG_WARN_SUSPICIOUS_MOVE = YES;
				CLANG_WARN_UNGUARDED_AVAILABILITY = YES_AGGRESSIVE;
				CLANG_WARN_UNREACHABLE_CODE = YES;
				CLANG_WARN__DUPLICATE_METHOD_MATCH = YES;
				CODE_SIGN_IDENTITY = "iPhone Developer";
				COPY_PHASE_STRIP = NO;
				DEBUG_INFORMATION_FORMAT = dwarf;
				ENABLE_STRICT_OBJC_MSGSEND = YES;
				ENABLE_TESTABILITY = YES;
				GCC_C_LANGUAGE_STANDARD = gnu11;
				GCC_DYNAMIC_NO_PIC = NO;
				GCC_NO_COMMON_BLOCKS = YES;
				GCC_OPTIMIZATION_LEVEL = 0;
				GCC_PREPROCESSOR_DEFINITIONS = (
					"DEBUG=1",
					"$(inherited)",
				);
				GCC_WARN_64_TO_32_BIT_CONVERSION = YES;
				GCC_WARN_ABOUT_RETURN_TYPE = YES_ERROR;
				GCC_WARN_UNDECLARED_SELECTOR = YES;
				GCC_WARN_UNINITIALIZED_AUTOS = YES_AGGRESSIVE;
				GCC_WARN_UNUSED_FUNCTION = YES;
				GCC_WARN_UNUSED_VARIABLE = YES;
				IPHONEOS_DEPLOYMENT_TARGET = 11.0;
				MTL_ENABLE_DEBUG_INFO = YES;
				ONLY_ACTIVE_ARCH = YES;
				SDKROOT = iphoneos;
				SWIFT_ACTIVE_COMPILATION_CONDITIONS = DEBUG;
				SWIFT_OPTIMIZATION_LEVEL = "-Onone";
			};
			name = Debug;
		};
		7014E2F81F5763D0004DECB8 /* Release */ = {
			isa = XCBuildConfiguration;
			buildSettings = {
				ALWAYS_SEARCH_USER_PATHS = NO;
				CLANG_ANALYZER_NONNULL = YES;
				CLANG_ANALYZER_NUMBER_OBJECT_CONVERSION = YES_AGGRESSIVE;
				CLANG_CXX_LANGUAGE_STANDARD = "gnu++14";
				CLANG_CXX_LIBRARY = "libc++";
				CLANG_ENABLE_MODULES = YES;
				CLANG_ENABLE_OBJC_ARC = YES;
				CLANG_WARN_BLOCK_CAPTURE_AUTORELEASING = YES;
				CLANG_WARN_BOOL_CONVERSION = YES;
				CLANG_WARN_COMMA = YES;
				CLANG_WARN_CONSTANT_CONVERSION = YES;
				CLANG_WARN_DIRECT_OBJC_ISA_USAGE = YES_ERROR;
				CLANG_WARN_DOCUMENTATION_COMMENTS = YES;
				CLANG_WARN_EMPTY_BODY = YES;
				CLANG_WARN_ENUM_CONVERSION = YES;
				CLANG_WARN_INFINITE_RECURSION = YES;
				CLANG_WARN_INT_CONVERSION = YES;
				CLANG_WARN_NON_LITERAL_NULL_CONVERSION = YES;
				CLANG_WARN_OBJC_LITERAL_CONVERSION = YES;
				CLANG_WARN_OBJC_ROOT_CLASS = YES_ERROR;
				CLANG_WARN_RANGE_LOOP_ANALYSIS = YES;
				CLANG_WARN_STRICT_PROTOTYPES = YES;
				CLANG_WARN_SUSPICIOUS_MOVE = YES;
				CLANG_WARN_UNGUARDED_AVAILABILITY = YES_AGGRESSIVE;
				CLANG_WARN_UNREACHABLE_CODE = YES;
				CLANG_WARN__DUPLICATE_METHOD_MATCH = YES;
				CODE_SIGN_IDENTITY = "iPhone Developer";
				COPY_PHASE_STRIP = NO;
				DEBUG_INFORMATION_FORMAT = "dwarf-with-dsym";
				ENABLE_NS_ASSERTIONS = NO;
				ENABLE_STRICT_OBJC_MSGSEND = YES;
				GCC_C_LANGUAGE_STANDARD = gnu11;
				GCC_NO_COMMON_BLOCKS = YES;
				GCC_WARN_64_TO_32_BIT_CONVERSION = YES;
				GCC_WARN_ABOUT_RETURN_TYPE = YES_ERROR;
				GCC_WARN_UNDECLARED_SELECTOR = YES;
				GCC_WARN_UNINITIALIZED_AUTOS = YES_AGGRESSIVE;
				GCC_WARN_UNUSED_FUNCTION = YES;
				GCC_WARN_UNUSED_VARIABLE = YES;
				IPHONEOS_DEPLOYMENT_TARGET = 11.0;
				MTL_ENABLE_DEBUG_INFO = NO;
				SDKROOT = iphoneos;
				SWIFT_OPTIMIZATION_LEVEL = "-Owholemodule";
				VALIDATE_PRODUCT = YES;
			};
			name = Release;
		};
		7014E2FA1F5763D0004DECB8 /* Debug */ = {
			isa = XCBuildConfiguration;
			buildSettings = {
				ASSETCATALOG_COMPILER_APPICON_NAME = AppIcon;
				CODE_SIGN_STYLE = Automatic;
				DEVELOPMENT_TEAM = VNDCA2WGWF;
				INFOPLIST_FILE = "AR-Graffiti/Info.plist";
				LD_RUNPATH_SEARCH_PATHS = "$(inherited) @executable_path/Frameworks";
				PRODUCT_BUNDLE_IDENTIFIER = "dk.silicon.AR-Graffiti";
				PRODUCT_NAME = "$(TARGET_NAME)";
				SWIFT_VERSION = 4.0;
				TARGETED_DEVICE_FAMILY = "1,2";
			};
			name = Debug;
		};
		7014E2FB1F5763D0004DECB8 /* Release */ = {
			isa = XCBuildConfiguration;
			buildSettings = {
				ASSETCATALOG_COMPILER_APPICON_NAME = AppIcon;
				CODE_SIGN_STYLE = Automatic;
				DEVELOPMENT_TEAM = VNDCA2WGWF;
				INFOPLIST_FILE = "AR-Graffiti/Info.plist";
				LD_RUNPATH_SEARCH_PATHS = "$(inherited) @executable_path/Frameworks";
				PRODUCT_BUNDLE_IDENTIFIER = "dk.silicon.AR-Graffiti";
				PRODUCT_NAME = "$(TARGET_NAME)";
				SWIFT_VERSION = 4.0;
				TARGETED_DEVICE_FAMILY = "1,2";
			};
			name = Release;
		};
/* End XCBuildConfiguration section */

/* Begin XCConfigurationList section */
		7014E2E01F5763CF004DECB8 /* Build configuration list for PBXProject "AR-Graffiti" */ = {
			isa = XCConfigurationList;
			buildConfigurations = (
				7014E2F71F5763D0004DECB8 /* Debug */,
				7014E2F81F5763D0004DECB8 /* Release */,
			);
			defaultConfigurationIsVisible = 0;
			defaultConfigurationName = Release;
		};
		7014E2F91F5763D0004DECB8 /* Build configuration list for PBXNativeTarget "AR-Graffiti" */ = {
			isa = XCConfigurationList;
			buildConfigurations = (
				7014E2FA1F5763D0004DECB8 /* Debug */,
				7014E2FB1F5763D0004DECB8 /* Release */,
			);
			defaultConfigurationIsVisible = 0;
			defaultConfigurationName = Release;
		};
/* End XCConfigurationList section */
	};
	rootObject = 7014E2DD1F5763CF004DECB8 /* Project object */;
}
